// !$*UTF8*$!
{
	archiveVersion = 1;
	classes = {
	};
	objectVersion = 46;
	objects = {

/* Begin PBXBuildFile section */
		9AF737F51D57E8ED00C8B503 /* AppDelegate.swift in Sources */ = {isa = PBXBuildFile; fileRef = 9AF737F41D57E8ED00C8B503 /* AppDelegate.swift */; };
		9AF737F71D57E8ED00C8B503 /* ViewController.swift in Sources */ = {isa = PBXBuildFile; fileRef = 9AF737F61D57E8ED00C8B503 /* ViewController.swift */; };
		9AF737FA1D57E8ED00C8B503 /* Main.storyboard in Resources */ = {isa = PBXBuildFile; fileRef = 9AF737F81D57E8ED00C8B503 /* Main.storyboard */; };
		9AF737FC1D57E8ED00C8B503 /* Assets.xcassets in Resources */ = {isa = PBXBuildFile; fileRef = 9AF737FB1D57E8ED00C8B503 /* Assets.xcassets */; };
		9AF737FF1D57E8ED00C8B503 /* LaunchScreen.storyboard in Resources */ = {isa = PBXBuildFile; fileRef = 9AF737FD1D57E8ED00C8B503 /* LaunchScreen.storyboard */; };
/* End PBXBuildFile section */

/* Begin PBXFileReference section */
		9AF737F11D57E8ED00C8B503 /* testApp.app */ = {isa = PBXFileReference; explicitFileType = wrapper.application; includeInIndex = 0; path = testApp.app; sourceTree = BUILT_PRODUCTS_DIR; };
		9AF737F41D57E8ED00C8B503 /* AppDelegate.swift */ = {isa = PBXFileReference; lastKnownFileType = sourcecode.swift; path = AppDelegate.swift; sourceTree = "<group>"; };
		9AF737F61D57E8ED00C8B503 /* ViewController.swift */ = {isa = PBXFileReference; lastKnownFileType = sourcecode.swift; path = ViewController.swift; sourceTree = "<group>"; };
		9AF737F91D57E8ED00C8B503 /* Base */ = {isa = PBXFileReference; lastKnownFileType = file.storyboard; name = Base; path = Base.lproj/Main.storyboard; sourceTree = "<group>"; };
		9AF737FB1D57E8ED00C8B503 /* Assets.xcassets */ = {isa = PBXFileReference; lastKnownFileType = folder.assetcatalog; path = Assets.xcassets; sourceTree = "<group>"; };
		9AF737FE1D57E8ED00C8B503 /* Base */ = {isa = PBXFileReference; lastKnownFileType = file.storyboard; name = Base; path = Base.lproj/LaunchScreen.storyboard; sourceTree = "<group>"; };
		9AF738001D57E8ED00C8B503 /* Info.plist */ = {isa = PBXFileReference; lastKnownFileType = text.plist.xml; path = Info.plist; sourceTree = "<group>"; };
/* End PBXFileReference section */

/* Begin PBXFrameworksBuildPhase section */
		9AF737EE1D57E8ED00C8B503 /* Frameworks */ = {
			isa = PBXFrameworksBuildPhase;
			buildActionMask = 2147483647;
			files = (
			);
			runOnlyForDeploymentPostprocessing = 0;
		};
/* End PBXFrameworksBuildPhase section */

/* Begin PBXGroup section */
		9AF737E81D57E8ED00C8B503 = {
			isa = PBXGroup;
			children = (
				9AF737F31D57E8ED00C8B503 /* testApp */,
				9AF737F21D57E8ED00C8B503 /* Products */,
			);
			sourceTree = "<group>";
		};
		9AF737F21D57E8ED00C8B503 /* Products */ = {
			isa = PBXGroup;
			children = (
				9AF737F11D57E8ED00C8B503 /* testApp.app */,
			);
			name = Products;
			sourceTree = "<group>";
		};
		9AF737F31D57E8ED00C8B503 /* testApp */ = {
			isa = PBXGroup;
			children = (
				9AF737F41D57E8ED00C8B503 /* AppDelegate.swift */,
				9AF737F61D57E8ED00C8B503 /* ViewController.swift */,
				9AF737F81D57E8ED00C8B503 /* Main.storyboard */,
				9AF737FB1D57E8ED00C8B503 /* Assets.xcassets */,
				9AF737FD1D57E8ED00C8B503 /* LaunchScreen.storyboard */,
				9AF738001D57E8ED00C8B503 /* Info.plist */,
			);
			path = testApp;
			sourceTree = "<group>";
		};
/* End PBXGroup section */

/* Begin PBXNativeTarget section */
		9AF737F01D57E8ED00C8B503 /* testApp */ = {
			isa = PBXNativeTarget;
			buildConfigurationList = 9AF738031D57E8ED00C8B503 /* Build configuration list for PBXNativeTarget "testApp" */;
			buildPhases = (
				9AF737ED1D57E8ED00C8B503 /* Sources */,
				9AF737EE1D57E8ED00C8B503 /* Frameworks */,
				9AF737EF1D57E8ED00C8B503 /* Resources */,
			);
			buildRules = (
			);
			dependencies = (
			);
			name = testApp;
			productName = testApp;
			productReference = 9AF737F11D57E8ED00C8B503 /* testApp.app */;
			productType = "com.apple.product-type.application";
		};
/* End PBXNativeTarget section */

/* Begin PBXProject section */
		9AF737E91D57E8ED00C8B503 /* Project object */ = {
			isa = PBXProject;
			attributes = {
				LastSwiftUpdateCheck = 0730;
				LastUpgradeCheck = 0730;
				ORGANIZATIONNAME = "Chad-Mac";
				TargetAttributes = {
					9AF737F01D57E8ED00C8B503 = {
						CreatedOnToolsVersion = 7.3.1;
					};
				};
			};
			buildConfigurationList = 9AF737EC1D57E8ED00C8B503 /* Build configuration list for PBXProject "testApp" */;
			compatibilityVersion = "Xcode 3.2";
			developmentRegion = English;
			hasScannedForEncodings = 0;
			knownRegions = (
				en,
				Base,
			);
			mainGroup = 9AF737E81D57E8ED00C8B503;
			productRefGroup = 9AF737F21D57E8ED00C8B503 /* Products */;
			projectDirPath = "";
			projectRoot = "";
			targets = (
				9AF737F01D57E8ED00C8B503 /* testApp */,
			);
		};
/* End PBXProject section */

/* Begin PBXResourcesBuildPhase section */
		9AF737EF1D57E8ED00C8B503 /* Resources */ = {
			isa = PBXResourcesBuildPhase;
			buildActionMask = 2147483647;
			files = (
				9AF737FF1D57E8ED00C8B503 /* LaunchScreen.storyboard in Resources */,
				9AF737FC1D57E8ED00C8B503 /* Assets.xcassets in Resources */,
				9AF737FA1D57E8ED00C8B503 /* Main.storyboard in Resources */,
			);
			runOnlyForDeploymentPostprocessing = 0;
		};
/* End PBXResourcesBuildPhase section */

/* Begin PBXSourcesBuildPhase section */
		9AF737ED1D57E8ED00C8B503 /* Sources */ = {
			isa = PBXSourcesBuildPhase;
			buildActionMask = 2147483647;
			files = (
				9AF737F71D57E8ED00C8B503 /* ViewController.swift in Sources */,
				9AF737F51D57E8ED00C8B503 /* AppDelegate.swift in Sources */,
			);
			runOnlyForDeploymentPostprocessing = 0;
		};
/* End PBXSourcesBuildPhase section */

/* Begin PBXVariantGroup section */
		9AF737F81D57E8ED00C8B503 /* Main.storyboard */ = {
			isa = PBXVariantGroup;
			children = (
				9AF737F91D57E8ED00C8B503 /* Base */,
			);
			name = Main.storyboard;
			sourceTree = "<group>";
		};
		9AF737FD1D57E8ED00C8B503 /* LaunchScreen.storyboard */ = {
			isa = PBXVariantGroup;
			children = (
				9AF737FE1D57E8ED00C8B503 /* Base */,
			);
			name = LaunchScreen.storyboard;
			sourceTree = "<group>";
		};
/* End PBXVariantGroup section */

/* Begin XCBuildConfiguration section */
		9AF738011D57E8ED00C8B503 /* Debug */ = {
			isa = XCBuildConfiguration;
			buildSettings = {
				ALWAYS_SEARCH_USER_PATHS = NO;
				CLANG_ANALYZER_NONNULL = YES;
				CLANG_CXX_LANGUAGE_STANDARD = "gnu++0x";
				CLANG_CXX_LIBRARY = "libc++";
				CLANG_ENABLE_MODULES = YES;
				CLANG_ENABLE_OBJC_ARC = YES;
				CLANG_WARN_BOOL_CONVERSION = YES;
				CLANG_WARN_CONSTANT_CONVERSION = YES;
				CLANG_WARN_DIRECT_OBJC_ISA_USAGE = YES_ERROR;
				CLANG_WARN_EMPTY_BODY = YES;
				CLANG_WARN_ENUM_CONVERSION = YES;
				CLANG_WARN_INT_CONVERSION = YES;
				CLANG_WARN_OBJC_ROOT_CLASS = YES_ERROR;
				CLANG_WARN_UNREACHABLE_CODE = YES;
				CLANG_WARN__DUPLICATE_METHOD_MATCH = YES;
				"CODE_SIGN_IDENTITY[sdk=iphoneos*]" = "iPhone Developer";
				COPY_PHASE_STRIP = NO;
				DEBUG_INFORMATION_FORMAT = dwarf;
				ENABLE_STRICT_OBJC_MSGSEND = YES;
				ENABLE_TESTABILITY = YES;
				GCC_C_LANGUAGE_STANDARD = gnu99;
				GCC_DYNAMIC_NO_PIC = NO;
				GCC_NO_COMMON_BLOCKS = YES;
				GCC_OPTIMIZATION_LEVEL = 0;
				GCC_PREPROCESSOR_DEFINITIONS = (
					"DEBUG=1",
					"$(inherited)",
				);
				GCC_WARN_64_TO_32_BIT_CONVERSION = YES;
				GCC_WARN_ABOUT_RETURN_TYPE = YES_ERROR;
				GCC_WARN_UNDECLARED_SELECTOR = YES;
				GCC_WARN_UNINITIALIZED_AUTOS = YES_AGGRESSIVE;
				GCC_WARN_UNUSED_FUNCTION = YES;
				GCC_WARN_UNUSED_VARIABLE = YES;
				IPHONEOS_DEPLOYMENT_TARGET = 9.3;
				MTL_ENABLE_DEBUG_INFO = YES;
				ONLY_ACTIVE_ARCH = YES;
				SDKROOT = iphoneos;
				SWIFT_OPTIMIZATION_LEVEL = "-Onone";
				TARGETED_DEVICE_FAMILY = "1,2";
			};
			name = Debug;
		};
		9AF738021D57E8ED00C8B503 /* Release */ = {
			isa = XCBuildConfiguration;
			buildSettings = {
				ALWAYS_SEARCH_USER_PATHS = NO;
				CLANG_ANALYZER_NONNULL = YES;
				CLANG_CXX_LANGUAGE_STANDARD = "gnu++0x";
				CLANG_CXX_LIBRARY = "libc++";
				CLANG_ENABLE_MODULES = YES;
				CLANG_ENABLE_OBJC_ARC = YES;
				CLANG_WARN_BOOL_CONVERSION = YES;
				CLANG_WARN_CONSTANT_CONVERSION = YES;
				CLANG_WARN_DIRECT_OBJC_ISA_USAGE = YES_ERROR;
				CLANG_WARN_EMPTY_BODY = YES;
				CLANG_WARN_ENUM_CONVERSION = YES;
				CLANG_WARN_INT_CONVERSION = YES;
				CLANG_WARN_OBJC_ROOT_CLASS = YES_ERROR;
				CLANG_WARN_UNREACHABLE_CODE = YES;
				CLANG_WARN__DUPLICATE_METHOD_MATCH = YES;
				"CODE_SIGN_IDENTITY[sdk=iphoneos*]" = "iPhone Developer";
				COPY_PHASE_STRIP = NO;
				DEBUG_INFORMATION_FORMAT = "dwarf-with-dsym";
				ENABLE_NS_ASSERTIONS = NO;
				ENABLE_STRICT_OBJC_MSGSEND = YES;
				GCC_C_LANGUAGE_STANDARD = gnu99;
				GCC_NO_COMMON_BLOCKS = YES;
				GCC_WARN_64_TO_32_BIT_CONVERSION = YES;
				GCC_WARN_ABOUT_RETURN_TYPE = YES_ERROR;
				GCC_WARN_UNDECLARED_SELECTOR = YES;
				GCC_WARN_UNINITIALIZED_AUTOS = YES_AGGRESSIVE;
				GCC_WARN_UNUSED_FUNCTION = YES;
				GCC_WARN_UNUSED_VARIABLE = YES;
				IPHONEOS_DEPLOYMENT_TARGET = 9.3;
				MTL_ENABLE_DEBUG_INFO = NO;
				SDKROOT = iphoneos;
				TARGETED_DEVICE_FAMILY = "1,2";
				VALIDATE_PRODUCT = YES;
			};
			name = Release;
		};
		9AF738041D57E8ED00C8B503 /* Debug */ = {
			isa = XCBuildConfiguration;
			buildSettings = {
				ASSETCATALOG_COMPILER_APPICON_NAME = AppIcon;
				INFOPLIST_FILE = testApp/Info.plist;
				LD_RUNPATH_SEARCH_PATHS = "$(inherited) @executable_path/Frameworks";
				PRODUCT_BUNDLE_IDENTIFIER = com.sagigilid.testApp;
				PRODUCT_NAME = "$(TARGET_NAME)";
			};
			name = Debug;
		};
		9AF738051D57E8ED00C8B503 /* Release */ = {
			isa = XCBuildConfiguration;
			buildSettings = {
				ASSETCATALOG_COMPILER_APPICON_NAME = AppIcon;
				INFOPLIST_FILE = testApp/Info.plist;
				LD_RUNPATH_SEARCH_PATHS = "$(inherited) @executable_path/Frameworks";
				PRODUCT_BUNDLE_IDENTIFIER = com.sagigilid.testApp;
				PRODUCT_NAME = "$(TARGET_NAME)";
			};
			name = Release;
		};
/* End XCBuildConfiguration section */

/* Begin XCConfigurationList section */
		9AF737EC1D57E8ED00C8B503 /* Build configuration list for PBXProject "testApp" */ = {
			isa = XCConfigurationList;
			buildConfigurations = (
				9AF738011D57E8ED00C8B503 /* Debug */,
				9AF738021D57E8ED00C8B503 /* Release */,
			);
			defaultConfigurationIsVisible = 0;
			defaultConfigurationName = Release;
		};
		9AF738031D57E8ED00C8B503 /* Build configuration list for PBXNativeTarget "testApp" */ = {
			isa = XCConfigurationList;
			buildConfigurations = (
				9AF738041D57E8ED00C8B503 /* Debug */,
				9AF738051D57E8ED00C8B503 /* Release */,
			);
			defaultConfigurationIsVisible = 0;
		};
/* End XCConfigurationList section */
	};
	rootObject = 9AF737E91D57E8ED00C8B503 /* Project object */;
}
